
Microsoft Visual Studio Solution File, Format Version 11.00
# Visual C++ Express 2010
Project("{8BC9CEB8-8B4A-11D0-8D11-00A0C91BC942}") = "cktn", "cktn.vcxproj", "{7C5293E4-C79B-480D-B690-CDB38BCC0388}"
EndProject
Project("{8BC9CEB8-8B4A-11D0-8D11-00A0C91BC942}") = "math", "math\math.vcxproj", "{5DC1B366-2322-B0BD-FC02-F2CA4C2D1F5E}"
EndProject
Project("{8BC9CEB8-8B4A-11D0-8D11-00A0C91BC942}") = "test", "test\test.vcxproj", "{8BBA6D4C-688C-45F3-AD70-21CC7FD4C3FF}"
EndProject
Global
	GlobalSection(SolutionConfigurationPlatforms) = preSolution
		Debug|Win32 = Debug|Win32
		Debug|x64 = Debug|x64
		Release|Win32 = Release|Win32
		Release|x64 = Release|x64
	EndGlobalSection
	GlobalSection(ProjectConfigurationPlatforms) = postSolution
		{7C5293E4-C79B-480D-B690-CDB38BCC0388}.Debug|Win32.ActiveCfg = Debug|Win32
		{7C5293E4-C79B-480D-B690-CDB38BCC0388}.Debug|Win32.Build.0 = Debug|Win32
		{7C5293E4-C79B-480D-B690-CDB38BCC0388}.Debug|x64.ActiveCfg = Debug|x64
		{7C5293E4-C79B-480D-B690-CDB38BCC0388}.Debug|x64.Build.0 = Debug|x64
		{7C5293E4-C79B-480D-B690-CDB38BCC0388}.Release|Win32.ActiveCfg = Release|Win32
		{7C5293E4-C79B-480D-B690-CDB38BCC0388}.Release|Win32.Build.0 = Release|Win32
		{7C5293E4-C79B-480D-B690-CDB38BCC0388}.Release|x64.ActiveCfg = Release|x64
		{7C5293E4-C79B-480D-B690-CDB38BCC0388}.Release|x64.Build.0 = Release|x64
		{5DC1B366-2322-B0BD-FC02-F2CA4C2D1F5E}.Debug|Win32.ActiveCfg = Debug|Win32
		{5DC1B366-2322-B0BD-FC02-F2CA4C2D1F5E}.Debug|Win32.Build.0 = Debug|Win32
		{5DC1B366-2322-B0BD-FC02-F2CA4C2D1F5E}.Debug|x64.ActiveCfg = Debug|x64
		{5DC1B366-2322-B0BD-FC02-F2CA4C2D1F5E}.Debug|x64.Build.0 = Debug|x64
		{5DC1B366-2322-B0BD-FC02-F2CA4C2D1F5E}.Release|Win32.ActiveCfg = Release|Win32
		{5DC1B366-2322-B0BD-FC02-F2CA4C2D1F5E}.Release|Win32.Build.0 = Release|Win32
		{5DC1B366-2322-B0BD-FC02-F2CA4C2D1F5E}.Release|x64.ActiveCfg = Release|x64
		{5DC1B366-2322-B0BD-FC02-F2CA4C2D1F5E}.Release|x64.Build.0 = Release|x64
		{8BBA6D4C-688C-45F3-AD70-21CC7FD4C3FF}.Debug|Win32.ActiveCfg = Debug|Win32
		{8BBA6D4C-688C-45F3-AD70-21CC7FD4C3FF}.Debug|Win32.Build.0 = Debug|Win32
		{8BBA6D4C-688C-45F3-AD70-21CC7FD4C3FF}.Debug|x64.ActiveCfg = Debug|x64
		{8BBA6D4C-688C-45F3-AD70-21CC7FD4C3FF}.Debug|x64.Build.0 = Debug|x64
		{8BBA6D4C-688C-45F3-AD70-21CC7FD4C3FF}.Release|Win32.ActiveCfg = Release|Win32
		{8BBA6D4C-688C-45F3-AD70-21CC7FD4C3FF}.Release|Win32.Build.0 = Release|Win32
		{8BBA6D4C-688C-45F3-AD70-21CC7FD4C3FF}.Release|x64.ActiveCfg = Release|x64
		{8BBA6D4C-688C-45F3-AD70-21CC7FD4C3FF}.Release|x64.Build.0 = Release|x64
	EndGlobalSection
	GlobalSection(SolutionProperties) = preSolution
		HideSolutionNode = FALSE
	EndGlobalSection
EndGlobal
